
Microsoft Visual Studio Solution File, Format Version 12.00
# Visual Studio Version 17
VisualStudioVersion = 17.0.32014.148
MinimumVisualStudioVersion = 10.0.40219.1
Project("{FAE04EC0-301F-11D3-BF4B-00C04F79EFBC}") = "Birsan_Diana_Maria_lab_8", "Birsan_Diana_Maria_lab_8.csproj", "{FAD771CC-B21F-4450-8FE8-0B1F16239AC4}"
EndProject
Global
	GlobalSection(SolutionConfigurationPlatforms) = preSolution
		Debug|Any CPU = Debug|Any CPU
		Release|Any CPU = Release|Any CPU
	EndGlobalSection
	GlobalSection(ProjectConfigurationPlatforms) = postSolution
		{FAD771CC-B21F-4450-8FE8-0B1F16239AC4}.Debug|Any CPU.ActiveCfg = Debug|Any CPU
		{FAD771CC-B21F-4450-8FE8-0B1F16239AC4}.Debug|Any CPU.Build.0 = Debug|Any CPU
		{FAD771CC-B21F-4450-8FE8-0B1F16239AC4}.Release|Any CPU.ActiveCfg = Release|Any CPU
		{FAD771CC-B21F-4450-8FE8-0B1F16239AC4}.Release|Any CPU.Build.0 = Release|Any CPU
	EndGlobalSection
	GlobalSection(SolutionProperties) = preSolution
		HideSolutionNode = FALSE
	EndGlobalSection
	GlobalSection(ExtensibilityGlobals) = postSolution
		SolutionGuid = {F23090C2-6938-4D62-97C5-947859D9A98E}
	EndGlobalSection
EndGlobal
